{
  "nodes": {
    "nixpkgs": {
      "locked": {
        "lastModified": 1769166500,
        "narHash": "sha256-2Nm5lN6JsNMFW+DLg2YyN4EkYGK8C3JTuAHEWao+JCw=",
        "owner": "nixos",
        "repo": "nixpkgs",
        "rev": "4e7848b1fbe2c935d4f3147f243d6ce0155c17e8",
        "type": "github"
      },
      "original": {
        "owner": "nixos",
        "ref": "4e7848b",
        "repo": "nixpkgs",
        "type": "github"
      }
    },
    "root": {
      "inputs": {
        "nixpkgs": "nixpkgs"
      }
    }
  },
  "root": "root",
  "version": 7
}
