{
  "nodes": {
    "nixpkgs": {
      "locked": {
        "lastModified": 1768563079,
        "narHash": "sha256-KbUy6LEfcK6/b4vFt4mMoWniZMZoeOnfOkowz8E4d4Q=",
        "owner": "nixos",
        "repo": "nixpkgs",
        "rev": "0b4bae10efcae2760534fb0d50d44e732432d28f",
        "type": "github"
      },
      "original": {
        "owner": "nixos",
        "repo": "nixpkgs",
        "rev": "0b4bae10efcae2760534fb0d50d44e732432d28f",
        "type": "github"
      }
    },
    "root": {
      "inputs": {
        "nixpkgs": "nixpkgs"
      }
    }
  },
  "root": "root",
  "version": 7
}
